
Microsoft Visual Studio Solution File, Format Version 12.00
# Visual Studio 15
VisualStudioVersion = 15.0.28307.438
MinimumVisualStudioVersion = 10.0.40219.1
Project("{FAE04EC0-301F-11D3-BF4B-00C04F79EFBC}") = "RicoBarber", "RicoBarber\RicoBarber.csproj", "{6E0174C6-0358-498E-BB79-F66B499BABAE}"
EndProject
Project("{FAE04EC0-301F-11D3-BF4B-00C04F79EFBC}") = "BusinessLayer", "BusinessLayer\BusinessLayer.csproj", "{910CEE64-F9F1-4DFD-AE2D-785522FE9D05}"
EndProject
Global
	GlobalSection(SolutionConfigurationPlatforms) = preSolution
		Debug|Any CPU = Debug|Any CPU
		Release|Any CPU = Release|Any CPU
	EndGlobalSection
	GlobalSection(ProjectConfigurationPlatforms) = postSolution
		{6E0174C6-0358-498E-BB79-F66B499BABAE}.Debug|Any CPU.ActiveCfg = Debug|Any CPU
		{6E0174C6-0358-498E-BB79-F66B499BABAE}.Debug|Any CPU.Build.0 = Debug|Any CPU
		{6E0174C6-0358-498E-BB79-F66B499BABAE}.Release|Any CPU.ActiveCfg = Release|Any CPU
		{6E0174C6-0358-498E-BB79-F66B499BABAE}.Release|Any CPU.Build.0 = Release|Any CPU
		{910CEE64-F9F1-4DFD-AE2D-785522FE9D05}.Debug|Any CPU.ActiveCfg = Debug|Any CPU
		{910CEE64-F9F1-4DFD-AE2D-785522FE9D05}.Debug|Any CPU.Build.0 = Debug|Any CPU
		{910CEE64-F9F1-4DFD-AE2D-785522FE9D05}.Release|Any CPU.ActiveCfg = Release|Any CPU
		{910CEE64-F9F1-4DFD-AE2D-785522FE9D05}.Release|Any CPU.Build.0 = Release|Any CPU
	EndGlobalSection
	GlobalSection(SolutionProperties) = preSolution
		HideSolutionNode = FALSE
	EndGlobalSection
	GlobalSection(ExtensibilityGlobals) = postSolution
		SolutionGuid = {93ADA777-EF26-4B20-8888-16894BF01C72}
	EndGlobalSection
EndGlobal
